
Microsoft Visual Studio Solution File, Format Version 12.00
# Visual Studio 15
VisualStudioVersion = 15.0.28307.421
MinimumVisualStudioVersion = 10.0.40219.1
Project("{FAE04EC0-301F-11D3-BF4B-00C04F79EFBC}") = "task 6", "task 6\task 6.csproj", "{6DBF212B-91B1-46F4-A500-3A5E7427298D}"
EndProject
Global
	GlobalSection(SolutionConfigurationPlatforms) = preSolution
		Debug|Any CPU = Debug|Any CPU
		Release|Any CPU = Release|Any CPU
	EndGlobalSection
	GlobalSection(ProjectConfigurationPlatforms) = postSolution
		{6DBF212B-91B1-46F4-A500-3A5E7427298D}.Debug|Any CPU.ActiveCfg = Debug|Any CPU
		{6DBF212B-91B1-46F4-A500-3A5E7427298D}.Debug|Any CPU.Build.0 = Debug|Any CPU
		{6DBF212B-91B1-46F4-A500-3A5E7427298D}.Release|Any CPU.ActiveCfg = Release|Any CPU
		{6DBF212B-91B1-46F4-A500-3A5E7427298D}.Release|Any CPU.Build.0 = Release|Any CPU
	EndGlobalSection
	GlobalSection(SolutionProperties) = preSolution
		HideSolutionNode = FALSE
	EndGlobalSection
	GlobalSection(ExtensibilityGlobals) = postSolution
		SolutionGuid = {37539DE1-66DD-4903-9514-4343E20DF81F}
	EndGlobalSection
EndGlobal
